
Microsoft Visual Studio Solution File, Format Version 12.00
# Visual Studio Version 17
VisualStudioVersion = 17.14.36414.22 d17.14
MinimumVisualStudioVersion = 10.0.40219.1
Project("{FAE04EC0-301F-11D3-BF4B-00C04F79EFBC}") = "ListaPOO", "ListaPOO\ListaPOO.csproj", "{9CABB36A-7404-4BCA-8533-C7D1D03DBBF4}"
EndProject
Global
	GlobalSection(SolutionConfigurationPlatforms) = preSolution
		Debug|Any CPU = Debug|Any CPU
		Release|Any CPU = Release|Any CPU
	EndGlobalSection
	GlobalSection(ProjectConfigurationPlatforms) = postSolution
		{9CABB36A-7404-4BCA-8533-C7D1D03DBBF4}.Debug|Any CPU.ActiveCfg = Debug|Any CPU
		{9CABB36A-7404-4BCA-8533-C7D1D03DBBF4}.Debug|Any CPU.Build.0 = Debug|Any CPU
		{9CABB36A-7404-4BCA-8533-C7D1D03DBBF4}.Release|Any CPU.ActiveCfg = Release|Any CPU
		{9CABB36A-7404-4BCA-8533-C7D1D03DBBF4}.Release|Any CPU.Build.0 = Release|Any CPU
	EndGlobalSection
	GlobalSection(SolutionProperties) = preSolution
		HideSolutionNode = FALSE
	EndGlobalSection
	GlobalSection(ExtensibilityGlobals) = postSolution
		SolutionGuid = {431FA9D9-910B-4CB2-9D9C-D64487A961C8}
	EndGlobalSection
EndGlobal
