
Microsoft Visual Studio Solution File, Format Version 12.00
# Visual Studio Version 17
VisualStudioVersion = 17.14.36414.22 d17.14
MinimumVisualStudioVersion = 10.0.40219.1
Project("{FAE04EC0-301F-11D3-BF4B-00C04F79EFBC}") = "SortedList-1410", "SortedList-1410\SortedList-1410.csproj", "{B8732801-F035-4F2E-A9BC-279FA6E46773}"
EndProject
Global
	GlobalSection(SolutionConfigurationPlatforms) = preSolution
		Debug|Any CPU = Debug|Any CPU
		Release|Any CPU = Release|Any CPU
	EndGlobalSection
	GlobalSection(ProjectConfigurationPlatforms) = postSolution
		{B8732801-F035-4F2E-A9BC-279FA6E46773}.Debug|Any CPU.ActiveCfg = Debug|Any CPU
		{B8732801-F035-4F2E-A9BC-279FA6E46773}.Debug|Any CPU.Build.0 = Debug|Any CPU
		{B8732801-F035-4F2E-A9BC-279FA6E46773}.Release|Any CPU.ActiveCfg = Release|Any CPU
		{B8732801-F035-4F2E-A9BC-279FA6E46773}.Release|Any CPU.Build.0 = Release|Any CPU
	EndGlobalSection
	GlobalSection(SolutionProperties) = preSolution
		HideSolutionNode = FALSE
	EndGlobalSection
	GlobalSection(ExtensibilityGlobals) = postSolution
		SolutionGuid = {3A8664FD-C38B-4975-A547-A25192674B38}
	EndGlobalSection
EndGlobal
